
Microsoft Visual Studio Solution File, Format Version 12.00
# Visual Studio Version 17
VisualStudioVersion = 17.3.32804.467
MinimumVisualStudioVersion = 10.0.40219.1
Project("{9A19103F-16F7-4668-BE54-9A1E7A4F7556}") = "Hello World", "Hello World\Hello World.csproj", "{06844BF0-3EA1-4F91-A623-D1F19839029D}"
EndProject
Project("{9A19103F-16F7-4668-BE54-9A1E7A4F7556}") = "99 Problems", "99 Problems\99 Problems.csproj", "{D6E7FAAA-8CCF-43DA-AB09-6CCC5D2C5EDB}"
EndProject
Project("{9A19103F-16F7-4668-BE54-9A1E7A4F7556}") = "R2", "R2\R2.csproj", "{94D4FF7F-5A5F-41F5-9220-A2B66F984092}"
EndProject
Project("{FAE04EC0-301F-11D3-BF4B-00C04F79EFBC}") = "Jack-O'-Lantern Juxtaposition", "Jack-O'-Lantern Juxtaposition\Jack-O'-Lantern Juxtaposition.csproj", "{75D1FF2A-BCFD-45FB-9450-1F884A4FC0C1}"
EndProject
Project("{FAE04EC0-301F-11D3-BF4B-00C04F79EFBC}") = "Echo Echo Echo", "Echo Echo Echo\Echo Echo Echo.csproj", "{0CC26943-96A5-45A8-8356-6C0389B03100}"
EndProject
Project("{FAE04EC0-301F-11D3-BF4B-00C04F79EFBC}") = "Betting", "Betting\Betting.csproj", "{3C27E676-A3B9-4A71-9DCF-314198773643}"
EndProject
Project("{FAE04EC0-301F-11D3-BF4B-00C04F79EFBC}") = "Autori", "Autori\Autori.csproj", "{405678C4-D57C-4FFC-9116-C47D1F096EC8}"
EndProject
Project("{FAE04EC0-301F-11D3-BF4B-00C04F79EFBC}") = "Odd Echo", "Odd Echo\Odd Echo.csproj", "{C9B9E85E-0DA3-4CE8-BA0A-BED9C15C3C0B}"
EndProject
Project("{FAE04EC0-301F-11D3-BF4B-00C04F79EFBC}") = "Which Is Greater", "Which Is Greater\Which Is Greater.csproj", "{083AB570-BAF4-44D3-916F-D4728221B149}"
EndProject
Global
	GlobalSection(SolutionConfigurationPlatforms) = preSolution
		Debug|Any CPU = Debug|Any CPU
		Release|Any CPU = Release|Any CPU
	EndGlobalSection
	GlobalSection(ProjectConfigurationPlatforms) = postSolution
		{06844BF0-3EA1-4F91-A623-D1F19839029D}.Debug|Any CPU.ActiveCfg = Debug|Any CPU
		{06844BF0-3EA1-4F91-A623-D1F19839029D}.Debug|Any CPU.Build.0 = Debug|Any CPU
		{06844BF0-3EA1-4F91-A623-D1F19839029D}.Release|Any CPU.ActiveCfg = Release|Any CPU
		{06844BF0-3EA1-4F91-A623-D1F19839029D}.Release|Any CPU.Build.0 = Release|Any CPU
		{D6E7FAAA-8CCF-43DA-AB09-6CCC5D2C5EDB}.Debug|Any CPU.ActiveCfg = Debug|Any CPU
		{D6E7FAAA-8CCF-43DA-AB09-6CCC5D2C5EDB}.Debug|Any CPU.Build.0 = Debug|Any CPU
		{D6E7FAAA-8CCF-43DA-AB09-6CCC5D2C5EDB}.Release|Any CPU.ActiveCfg = Release|Any CPU
		{D6E7FAAA-8CCF-43DA-AB09-6CCC5D2C5EDB}.Release|Any CPU.Build.0 = Release|Any CPU
		{94D4FF7F-5A5F-41F5-9220-A2B66F984092}.Debug|Any CPU.ActiveCfg = Debug|Any CPU
		{94D4FF7F-5A5F-41F5-9220-A2B66F984092}.Debug|Any CPU.Build.0 = Debug|Any CPU
		{94D4FF7F-5A5F-41F5-9220-A2B66F984092}.Release|Any CPU.ActiveCfg = Release|Any CPU
		{94D4FF7F-5A5F-41F5-9220-A2B66F984092}.Release|Any CPU.Build.0 = Release|Any CPU
		{75D1FF2A-BCFD-45FB-9450-1F884A4FC0C1}.Debug|Any CPU.ActiveCfg = Debug|Any CPU
		{75D1FF2A-BCFD-45FB-9450-1F884A4FC0C1}.Debug|Any CPU.Build.0 = Debug|Any CPU
		{75D1FF2A-BCFD-45FB-9450-1F884A4FC0C1}.Release|Any CPU.ActiveCfg = Release|Any CPU
		{75D1FF2A-BCFD-45FB-9450-1F884A4FC0C1}.Release|Any CPU.Build.0 = Release|Any CPU
		{0CC26943-96A5-45A8-8356-6C0389B03100}.Debug|Any CPU.ActiveCfg = Debug|Any CPU
		{0CC26943-96A5-45A8-8356-6C0389B03100}.Debug|Any CPU.Build.0 = Debug|Any CPU
		{0CC26943-96A5-45A8-8356-6C0389B03100}.Release|Any CPU.ActiveCfg = Release|Any CPU
		{0CC26943-96A5-45A8-8356-6C0389B03100}.Release|Any CPU.Build.0 = Release|Any CPU
		{3C27E676-A3B9-4A71-9DCF-314198773643}.Debug|Any CPU.ActiveCfg = Debug|Any CPU
		{3C27E676-A3B9-4A71-9DCF-314198773643}.Debug|Any CPU.Build.0 = Debug|Any CPU
		{3C27E676-A3B9-4A71-9DCF-314198773643}.Release|Any CPU.ActiveCfg = Release|Any CPU
		{3C27E676-A3B9-4A71-9DCF-314198773643}.Release|Any CPU.Build.0 = Release|Any CPU
		{405678C4-D57C-4FFC-9116-C47D1F096EC8}.Debug|Any CPU.ActiveCfg = Debug|Any CPU
		{405678C4-D57C-4FFC-9116-C47D1F096EC8}.Debug|Any CPU.Build.0 = Debug|Any CPU
		{405678C4-D57C-4FFC-9116-C47D1F096EC8}.Release|Any CPU.ActiveCfg = Release|Any CPU
		{405678C4-D57C-4FFC-9116-C47D1F096EC8}.Release|Any CPU.Build.0 = Release|Any CPU
		{C9B9E85E-0DA3-4CE8-BA0A-BED9C15C3C0B}.Debug|Any CPU.ActiveCfg = Debug|Any CPU
		{C9B9E85E-0DA3-4CE8-BA0A-BED9C15C3C0B}.Debug|Any CPU.Build.0 = Debug|Any CPU
		{C9B9E85E-0DA3-4CE8-BA0A-BED9C15C3C0B}.Release|Any CPU.ActiveCfg = Release|Any CPU
		{C9B9E85E-0DA3-4CE8-BA0A-BED9C15C3C0B}.Release|Any CPU.Build.0 = Release|Any CPU
		{083AB570-BAF4-44D3-916F-D4728221B149}.Debug|Any CPU.ActiveCfg = Debug|Any CPU
		{083AB570-BAF4-44D3-916F-D4728221B149}.Debug|Any CPU.Build.0 = Debug|Any CPU
		{083AB570-BAF4-44D3-916F-D4728221B149}.Release|Any CPU.ActiveCfg = Release|Any CPU
		{083AB570-BAF4-44D3-916F-D4728221B149}.Release|Any CPU.Build.0 = Release|Any CPU
	EndGlobalSection
	GlobalSection(SolutionProperties) = preSolution
		HideSolutionNode = FALSE
	EndGlobalSection
	GlobalSection(ExtensibilityGlobals) = postSolution
		SolutionGuid = {4731FC7B-BDF4-415E-A638-00E936AD0D98}
	EndGlobalSection
EndGlobal
