
Microsoft Visual Studio Solution File, Format Version 12.00
# Visual Studio Version 17
VisualStudioVersion = 17.3.32804.467
MinimumVisualStudioVersion = 10.0.40219.1
Project("{9A19103F-16F7-4668-BE54-9A1E7A4F7556}") = "Hello World", "Hello World\Hello World.csproj", "{06844BF0-3EA1-4F91-A623-D1F19839029D}"
EndProject
Project("{9A19103F-16F7-4668-BE54-9A1E7A4F7556}") = "99 Problems", "99 Problems\99 Problems.csproj", "{D6E7FAAA-8CCF-43DA-AB09-6CCC5D2C5EDB}"
EndProject
Project("{9A19103F-16F7-4668-BE54-9A1E7A4F7556}") = "R2", "R2\R2.csproj", "{94D4FF7F-5A5F-41F5-9220-A2B66F984092}"
EndProject
Project("{9A19103F-16F7-4668-BE54-9A1E7A4F7556}") = "Jack-O'-Lantern Juxtaposition", "Jack-O'-Lantern Juxtaposition\Jack-O'-Lantern Juxtaposition.csproj", "{75D1FF2A-BCFD-45FB-9450-1F884A4FC0C1}"
EndProject
Project("{9A19103F-16F7-4668-BE54-9A1E7A4F7556}") = "Echo Echo Echo", "Echo Echo Echo\Echo Echo Echo.csproj", "{0CC26943-96A5-45A8-8356-6C0389B03100}"
EndProject
Project("{9A19103F-16F7-4668-BE54-9A1E7A4F7556}") = "Betting", "Betting\Betting.csproj", "{3C27E676-A3B9-4A71-9DCF-314198773643}"
EndProject
Project("{9A19103F-16F7-4668-BE54-9A1E7A4F7556}") = "Autori", "Autori\Autori.csproj", "{405678C4-D57C-4FFC-9116-C47D1F096EC8}"
EndProject
Project("{9A19103F-16F7-4668-BE54-9A1E7A4F7556}") = "Odd Echo", "Odd Echo\Odd Echo.csproj", "{C9B9E85E-0DA3-4CE8-BA0A-BED9C15C3C0B}"
EndProject
Project("{9A19103F-16F7-4668-BE54-9A1E7A4F7556}") = "Which Is Greater", "Which Is Greater\Which Is Greater.csproj", "{083AB570-BAF4-44D3-916F-D4728221B149}"
EndProject
Project("{9A19103F-16F7-4668-BE54-9A1E7A4F7556}") = "Two Sum", "Two Sum\Two Sum.csproj", "{5D185594-8DAA-451D-98A7-C91891463825}"
EndProject
Project("{9A19103F-16F7-4668-BE54-9A1E7A4F7556}") = "The Last Problem", "The Last Problem\The Last Problem.csproj", "{A31AE916-51DD-47F4-9DE1-69120467FC2F}"
EndProject
Project("{9A19103F-16F7-4668-BE54-9A1E7A4F7556}") = "Triangle Area", "Triangle Area\Triangle Area.csproj", "{F9179E34-A7C5-44B5-ACC8-24D8A7F9F659}"
EndProject
Project("{9A19103F-16F7-4668-BE54-9A1E7A4F7556}") = "Tarifa", "Tarifa\Tarifa.csproj", "{055E6C22-A6DC-4919-8DB9-2704428D5B23}"
EndProject
Project("{9A19103F-16F7-4668-BE54-9A1E7A4F7556}") = "Take Two Stones", "Take Two Stones\Take Two Stones.csproj", "{DE15BEED-03F8-4EB5-B728-C9F4A3863CBC}"
EndProject
Project("{9A19103F-16F7-4668-BE54-9A1E7A4F7556}") = "ABC", "ABC\ABC.csproj", "{D63464A0-6C0A-4B68-89E1-522B6858249B}"
EndProject
Project("{9A19103F-16F7-4668-BE54-9A1E7A4F7556}") = "A to B", "A to B\A to B.csproj", "{B39447E3-AC64-4057-9CC7-5FFE05144088}"
EndProject
Project("{9A19103F-16F7-4668-BE54-9A1E7A4F7556}") = "Building Pyramids", "Building Pyramids\Building Pyramids.csproj", "{68650248-451D-423E-BEEA-EB90108E5D0C}"
EndProject
Project("{9A19103F-16F7-4668-BE54-9A1E7A4F7556}") = "Sort Two Numbers", "Sort Two Numbers\Sort Two Numbers.csproj", "{9B8FD582-784C-468F-85C4-1400D6160A1A}"
EndProject
Project("{9A19103F-16F7-4668-BE54-9A1E7A4F7556}") = "Stuck In A Time Loop", "Stuck In A Time Loop\Stuck In A Time Loop.csproj", "{F3ADE91F-85FF-4492-B725-8B09DA904D1D}"
EndProject
Project("{9A19103F-16F7-4668-BE54-9A1E7A4F7556}") = "Solving For Carrots", "Solving For Carrots\Solving For Carrots.csproj", "{83CFF705-A6CE-4173-95B0-4E7BCD11F45B}"
EndProject
Project("{9A19103F-16F7-4668-BE54-9A1E7A4F7556}") = "Quality-Adjusted Life-Year", "Quality-Adjusted Life-Year\Quality-Adjusted Life-Year.csproj", "{6780AB6F-13D1-41CE-B4ED-B6372750E683}"
EndProject
Project("{9A19103F-16F7-4668-BE54-9A1E7A4F7556}") = "Quadrant Selection", "Quadrant Selection\Quadrant Selection.csproj", "{D48CD1C2-6DF5-4E47-8E96-D24F86F59100}"
EndProject
Project("{9A19103F-16F7-4668-BE54-9A1E7A4F7556}") = "Jumbo Javelin", "Jumbo Javelin\Jumbo Javelin.csproj", "{89D1A6AF-1E17-43EE-AFFA-1764A16FB24F}"
EndProject
Project("{9A19103F-16F7-4668-BE54-9A1E7A4F7556}") = "Knight Packing", "Knight Packing\Knight Packing.csproj", "{EBEA7890-969E-4A5F-86FA-FD7EF1DF8A93}"
EndProject
Project("{9A19103F-16F7-4668-BE54-9A1E7A4F7556}") = "Greetings", "Greetings\Greetings.csproj", "{CF0ADC36-A586-4F80-A864-87728ABD6FCD}"
EndProject
Project("{9A19103F-16F7-4668-BE54-9A1E7A4F7556}") = "GCVWR", "GCVWR\GCVWR.csproj", "{92992BF9-D0CE-4B8B-BC9A-E5E0BAD2627E}"
EndProject
Project("{FAE04EC0-301F-11D3-BF4B-00C04F79EFBC}") = "FYI", "FYI\FYI.csproj", "{2B732B6A-4CEA-40BE-8C54-F97EA164A273}"
EndProject
Project("{FAE04EC0-301F-11D3-BF4B-00C04F79EFBC}") = "Train Passengers", "Train Passengers\Train Passengers.csproj", "{519EB40F-9960-4358-A201-95484721C1B7}"
EndProject
Global
	GlobalSection(SolutionConfigurationPlatforms) = preSolution
		Debug|Any CPU = Debug|Any CPU
		Release|Any CPU = Release|Any CPU
	EndGlobalSection
	GlobalSection(ProjectConfigurationPlatforms) = postSolution
		{06844BF0-3EA1-4F91-A623-D1F19839029D}.Debug|Any CPU.ActiveCfg = Debug|Any CPU
		{06844BF0-3EA1-4F91-A623-D1F19839029D}.Debug|Any CPU.Build.0 = Debug|Any CPU
		{06844BF0-3EA1-4F91-A623-D1F19839029D}.Release|Any CPU.ActiveCfg = Release|Any CPU
		{06844BF0-3EA1-4F91-A623-D1F19839029D}.Release|Any CPU.Build.0 = Release|Any CPU
		{D6E7FAAA-8CCF-43DA-AB09-6CCC5D2C5EDB}.Debug|Any CPU.ActiveCfg = Debug|Any CPU
		{D6E7FAAA-8CCF-43DA-AB09-6CCC5D2C5EDB}.Debug|Any CPU.Build.0 = Debug|Any CPU
		{D6E7FAAA-8CCF-43DA-AB09-6CCC5D2C5EDB}.Release|Any CPU.ActiveCfg = Release|Any CPU
		{D6E7FAAA-8CCF-43DA-AB09-6CCC5D2C5EDB}.Release|Any CPU.Build.0 = Release|Any CPU
		{94D4FF7F-5A5F-41F5-9220-A2B66F984092}.Debug|Any CPU.ActiveCfg = Debug|Any CPU
		{94D4FF7F-5A5F-41F5-9220-A2B66F984092}.Debug|Any CPU.Build.0 = Debug|Any CPU
		{94D4FF7F-5A5F-41F5-9220-A2B66F984092}.Release|Any CPU.ActiveCfg = Release|Any CPU
		{94D4FF7F-5A5F-41F5-9220-A2B66F984092}.Release|Any CPU.Build.0 = Release|Any CPU
		{75D1FF2A-BCFD-45FB-9450-1F884A4FC0C1}.Debug|Any CPU.ActiveCfg = Debug|Any CPU
		{75D1FF2A-BCFD-45FB-9450-1F884A4FC0C1}.Debug|Any CPU.Build.0 = Debug|Any CPU
		{75D1FF2A-BCFD-45FB-9450-1F884A4FC0C1}.Release|Any CPU.ActiveCfg = Release|Any CPU
		{75D1FF2A-BCFD-45FB-9450-1F884A4FC0C1}.Release|Any CPU.Build.0 = Release|Any CPU
		{0CC26943-96A5-45A8-8356-6C0389B03100}.Debug|Any CPU.ActiveCfg = Debug|Any CPU
		{0CC26943-96A5-45A8-8356-6C0389B03100}.Debug|Any CPU.Build.0 = Debug|Any CPU
		{0CC26943-96A5-45A8-8356-6C0389B03100}.Release|Any CPU.ActiveCfg = Release|Any CPU
		{0CC26943-96A5-45A8-8356-6C0389B03100}.Release|Any CPU.Build.0 = Release|Any CPU
		{3C27E676-A3B9-4A71-9DCF-314198773643}.Debug|Any CPU.ActiveCfg = Debug|Any CPU
		{3C27E676-A3B9-4A71-9DCF-314198773643}.Debug|Any CPU.Build.0 = Debug|Any CPU
		{3C27E676-A3B9-4A71-9DCF-314198773643}.Release|Any CPU.ActiveCfg = Release|Any CPU
		{3C27E676-A3B9-4A71-9DCF-314198773643}.Release|Any CPU.Build.0 = Release|Any CPU
		{405678C4-D57C-4FFC-9116-C47D1F096EC8}.Debug|Any CPU.ActiveCfg = Debug|Any CPU
		{405678C4-D57C-4FFC-9116-C47D1F096EC8}.Debug|Any CPU.Build.0 = Debug|Any CPU
		{405678C4-D57C-4FFC-9116-C47D1F096EC8}.Release|Any CPU.ActiveCfg = Release|Any CPU
		{405678C4-D57C-4FFC-9116-C47D1F096EC8}.Release|Any CPU.Build.0 = Release|Any CPU
		{C9B9E85E-0DA3-4CE8-BA0A-BED9C15C3C0B}.Debug|Any CPU.ActiveCfg = Debug|Any CPU
		{C9B9E85E-0DA3-4CE8-BA0A-BED9C15C3C0B}.Debug|Any CPU.Build.0 = Debug|Any CPU
		{C9B9E85E-0DA3-4CE8-BA0A-BED9C15C3C0B}.Release|Any CPU.ActiveCfg = Release|Any CPU
		{C9B9E85E-0DA3-4CE8-BA0A-BED9C15C3C0B}.Release|Any CPU.Build.0 = Release|Any CPU
		{083AB570-BAF4-44D3-916F-D4728221B149}.Debug|Any CPU.ActiveCfg = Debug|Any CPU
		{083AB570-BAF4-44D3-916F-D4728221B149}.Debug|Any CPU.Build.0 = Debug|Any CPU
		{083AB570-BAF4-44D3-916F-D4728221B149}.Release|Any CPU.ActiveCfg = Release|Any CPU
		{083AB570-BAF4-44D3-916F-D4728221B149}.Release|Any CPU.Build.0 = Release|Any CPU
		{5D185594-8DAA-451D-98A7-C91891463825}.Debug|Any CPU.ActiveCfg = Debug|Any CPU
		{5D185594-8DAA-451D-98A7-C91891463825}.Debug|Any CPU.Build.0 = Debug|Any CPU
		{5D185594-8DAA-451D-98A7-C91891463825}.Release|Any CPU.ActiveCfg = Release|Any CPU
		{5D185594-8DAA-451D-98A7-C91891463825}.Release|Any CPU.Build.0 = Release|Any CPU
		{A31AE916-51DD-47F4-9DE1-69120467FC2F}.Debug|Any CPU.ActiveCfg = Debug|Any CPU
		{A31AE916-51DD-47F4-9DE1-69120467FC2F}.Debug|Any CPU.Build.0 = Debug|Any CPU
		{A31AE916-51DD-47F4-9DE1-69120467FC2F}.Release|Any CPU.ActiveCfg = Release|Any CPU
		{A31AE916-51DD-47F4-9DE1-69120467FC2F}.Release|Any CPU.Build.0 = Release|Any CPU
		{F9179E34-A7C5-44B5-ACC8-24D8A7F9F659}.Debug|Any CPU.ActiveCfg = Debug|Any CPU
		{F9179E34-A7C5-44B5-ACC8-24D8A7F9F659}.Debug|Any CPU.Build.0 = Debug|Any CPU
		{F9179E34-A7C5-44B5-ACC8-24D8A7F9F659}.Release|Any CPU.ActiveCfg = Release|Any CPU
		{F9179E34-A7C5-44B5-ACC8-24D8A7F9F659}.Release|Any CPU.Build.0 = Release|Any CPU
		{055E6C22-A6DC-4919-8DB9-2704428D5B23}.Debug|Any CPU.ActiveCfg = Debug|Any CPU
		{055E6C22-A6DC-4919-8DB9-2704428D5B23}.Debug|Any CPU.Build.0 = Debug|Any CPU
		{055E6C22-A6DC-4919-8DB9-2704428D5B23}.Release|Any CPU.ActiveCfg = Release|Any CPU
		{055E6C22-A6DC-4919-8DB9-2704428D5B23}.Release|Any CPU.Build.0 = Release|Any CPU
		{DE15BEED-03F8-4EB5-B728-C9F4A3863CBC}.Debug|Any CPU.ActiveCfg = Debug|Any CPU
		{DE15BEED-03F8-4EB5-B728-C9F4A3863CBC}.Debug|Any CPU.Build.0 = Debug|Any CPU
		{DE15BEED-03F8-4EB5-B728-C9F4A3863CBC}.Release|Any CPU.ActiveCfg = Release|Any CPU
		{DE15BEED-03F8-4EB5-B728-C9F4A3863CBC}.Release|Any CPU.Build.0 = Release|Any CPU
		{D63464A0-6C0A-4B68-89E1-522B6858249B}.Debug|Any CPU.ActiveCfg = Debug|Any CPU
		{D63464A0-6C0A-4B68-89E1-522B6858249B}.Debug|Any CPU.Build.0 = Debug|Any CPU
		{D63464A0-6C0A-4B68-89E1-522B6858249B}.Release|Any CPU.ActiveCfg = Release|Any CPU
		{D63464A0-6C0A-4B68-89E1-522B6858249B}.Release|Any CPU.Build.0 = Release|Any CPU
		{B39447E3-AC64-4057-9CC7-5FFE05144088}.Debug|Any CPU.ActiveCfg = Debug|Any CPU
		{B39447E3-AC64-4057-9CC7-5FFE05144088}.Debug|Any CPU.Build.0 = Debug|Any CPU
		{B39447E3-AC64-4057-9CC7-5FFE05144088}.Release|Any CPU.ActiveCfg = Release|Any CPU
		{B39447E3-AC64-4057-9CC7-5FFE05144088}.Release|Any CPU.Build.0 = Release|Any CPU
		{68650248-451D-423E-BEEA-EB90108E5D0C}.Debug|Any CPU.ActiveCfg = Debug|Any CPU
		{68650248-451D-423E-BEEA-EB90108E5D0C}.Debug|Any CPU.Build.0 = Debug|Any CPU
		{68650248-451D-423E-BEEA-EB90108E5D0C}.Release|Any CPU.ActiveCfg = Release|Any CPU
		{68650248-451D-423E-BEEA-EB90108E5D0C}.Release|Any CPU.Build.0 = Release|Any CPU
		{9B8FD582-784C-468F-85C4-1400D6160A1A}.Debug|Any CPU.ActiveCfg = Debug|Any CPU
		{9B8FD582-784C-468F-85C4-1400D6160A1A}.Debug|Any CPU.Build.0 = Debug|Any CPU
		{9B8FD582-784C-468F-85C4-1400D6160A1A}.Release|Any CPU.ActiveCfg = Release|Any CPU
		{9B8FD582-784C-468F-85C4-1400D6160A1A}.Release|Any CPU.Build.0 = Release|Any CPU
		{F3ADE91F-85FF-4492-B725-8B09DA904D1D}.Debug|Any CPU.ActiveCfg = Debug|Any CPU
		{F3ADE91F-85FF-4492-B725-8B09DA904D1D}.Debug|Any CPU.Build.0 = Debug|Any CPU
		{F3ADE91F-85FF-4492-B725-8B09DA904D1D}.Release|Any CPU.ActiveCfg = Release|Any CPU
		{F3ADE91F-85FF-4492-B725-8B09DA904D1D}.Release|Any CPU.Build.0 = Release|Any CPU
		{83CFF705-A6CE-4173-95B0-4E7BCD11F45B}.Debug|Any CPU.ActiveCfg = Debug|Any CPU
		{83CFF705-A6CE-4173-95B0-4E7BCD11F45B}.Debug|Any CPU.Build.0 = Debug|Any CPU
		{83CFF705-A6CE-4173-95B0-4E7BCD11F45B}.Release|Any CPU.ActiveCfg = Release|Any CPU
		{83CFF705-A6CE-4173-95B0-4E7BCD11F45B}.Release|Any CPU.Build.0 = Release|Any CPU
		{6780AB6F-13D1-41CE-B4ED-B6372750E683}.Debug|Any CPU.ActiveCfg = Debug|Any CPU
		{6780AB6F-13D1-41CE-B4ED-B6372750E683}.Debug|Any CPU.Build.0 = Debug|Any CPU
		{6780AB6F-13D1-41CE-B4ED-B6372750E683}.Release|Any CPU.ActiveCfg = Release|Any CPU
		{6780AB6F-13D1-41CE-B4ED-B6372750E683}.Release|Any CPU.Build.0 = Release|Any CPU
		{D48CD1C2-6DF5-4E47-8E96-D24F86F59100}.Debug|Any CPU.ActiveCfg = Debug|Any CPU
		{D48CD1C2-6DF5-4E47-8E96-D24F86F59100}.Debug|Any CPU.Build.0 = Debug|Any CPU
		{D48CD1C2-6DF5-4E47-8E96-D24F86F59100}.Release|Any CPU.ActiveCfg = Release|Any CPU
		{D48CD1C2-6DF5-4E47-8E96-D24F86F59100}.Release|Any CPU.Build.0 = Release|Any CPU
		{89D1A6AF-1E17-43EE-AFFA-1764A16FB24F}.Debug|Any CPU.ActiveCfg = Debug|Any CPU
		{89D1A6AF-1E17-43EE-AFFA-1764A16FB24F}.Debug|Any CPU.Build.0 = Debug|Any CPU
		{89D1A6AF-1E17-43EE-AFFA-1764A16FB24F}.Release|Any CPU.ActiveCfg = Release|Any CPU
		{89D1A6AF-1E17-43EE-AFFA-1764A16FB24F}.Release|Any CPU.Build.0 = Release|Any CPU
		{EBEA7890-969E-4A5F-86FA-FD7EF1DF8A93}.Debug|Any CPU.ActiveCfg = Debug|Any CPU
		{EBEA7890-969E-4A5F-86FA-FD7EF1DF8A93}.Debug|Any CPU.Build.0 = Debug|Any CPU
		{EBEA7890-969E-4A5F-86FA-FD7EF1DF8A93}.Release|Any CPU.ActiveCfg = Release|Any CPU
		{EBEA7890-969E-4A5F-86FA-FD7EF1DF8A93}.Release|Any CPU.Build.0 = Release|Any CPU
		{CF0ADC36-A586-4F80-A864-87728ABD6FCD}.Debug|Any CPU.ActiveCfg = Debug|Any CPU
		{CF0ADC36-A586-4F80-A864-87728ABD6FCD}.Debug|Any CPU.Build.0 = Debug|Any CPU
		{CF0ADC36-A586-4F80-A864-87728ABD6FCD}.Release|Any CPU.ActiveCfg = Release|Any CPU
		{CF0ADC36-A586-4F80-A864-87728ABD6FCD}.Release|Any CPU.Build.0 = Release|Any CPU
		{92992BF9-D0CE-4B8B-BC9A-E5E0BAD2627E}.Debug|Any CPU.ActiveCfg = Debug|Any CPU
		{92992BF9-D0CE-4B8B-BC9A-E5E0BAD2627E}.Debug|Any CPU.Build.0 = Debug|Any CPU
		{92992BF9-D0CE-4B8B-BC9A-E5E0BAD2627E}.Release|Any CPU.ActiveCfg = Release|Any CPU
		{92992BF9-D0CE-4B8B-BC9A-E5E0BAD2627E}.Release|Any CPU.Build.0 = Release|Any CPU
		{2B732B6A-4CEA-40BE-8C54-F97EA164A273}.Debug|Any CPU.ActiveCfg = Debug|Any CPU
		{2B732B6A-4CEA-40BE-8C54-F97EA164A273}.Debug|Any CPU.Build.0 = Debug|Any CPU
		{2B732B6A-4CEA-40BE-8C54-F97EA164A273}.Release|Any CPU.ActiveCfg = Release|Any CPU
		{2B732B6A-4CEA-40BE-8C54-F97EA164A273}.Release|Any CPU.Build.0 = Release|Any CPU
		{519EB40F-9960-4358-A201-95484721C1B7}.Debug|Any CPU.ActiveCfg = Debug|Any CPU
		{519EB40F-9960-4358-A201-95484721C1B7}.Debug|Any CPU.Build.0 = Debug|Any CPU
		{519EB40F-9960-4358-A201-95484721C1B7}.Release|Any CPU.ActiveCfg = Release|Any CPU
		{519EB40F-9960-4358-A201-95484721C1B7}.Release|Any CPU.Build.0 = Release|Any CPU
	EndGlobalSection
	GlobalSection(SolutionProperties) = preSolution
		HideSolutionNode = FALSE
	EndGlobalSection
	GlobalSection(ExtensibilityGlobals) = postSolution
		SolutionGuid = {4731FC7B-BDF4-415E-A638-00E936AD0D98}
	EndGlobalSection
EndGlobal
